
Microsoft Visual Studio Solution File, Format Version 12.00
# Visual Studio Version 17
VisualStudioVersion = 17.3.32922.545
MinimumVisualStudioVersion = 10.0.40219.1
Project("{FAE04EC0-301F-11D3-BF4B-00C04F79EFBC}") = "Lab5EnumsStructs", "Lab5EnumsStructs.csproj", "{45F587E6-59BF-433E-B34D-F32A2951BF05}"
EndProject
Global
	GlobalSection(SolutionConfigurationPlatforms) = preSolution
		Debug|Any CPU = Debug|Any CPU
		Release|Any CPU = Release|Any CPU
	EndGlobalSection
	GlobalSection(ProjectConfigurationPlatforms) = postSolution
		{45F587E6-59BF-433E-B34D-F32A2951BF05}.Debug|Any CPU.ActiveCfg = Debug|Any CPU
		{45F587E6-59BF-433E-B34D-F32A2951BF05}.Debug|Any CPU.Build.0 = Debug|Any CPU
		{45F587E6-59BF-433E-B34D-F32A2951BF05}.Release|Any CPU.ActiveCfg = Release|Any CPU
		{45F587E6-59BF-433E-B34D-F32A2951BF05}.Release|Any CPU.Build.0 = Release|Any CPU
	EndGlobalSection
	GlobalSection(SolutionProperties) = preSolution
		HideSolutionNode = FALSE
	EndGlobalSection
	GlobalSection(ExtensibilityGlobals) = postSolution
		SolutionGuid = {E02F0FEA-F3E3-44A3-A486-101A2DC3C983}
	EndGlobalSection
EndGlobal
