
Microsoft Visual Studio Solution File, Format Version 12.00
# Visual Studio Version 17
VisualStudioVersion = 17.3.32922.545
MinimumVisualStudioVersion = 10.0.40219.1
Project("{FAE04EC0-301F-11D3-BF4B-00C04F79EFBC}") = "Lab6", "Lab6.csproj", "{B286F039-4F1B-4F5F-91E1-52D27E3028E4}"
EndProject
Global
	GlobalSection(SolutionConfigurationPlatforms) = preSolution
		Debug|Any CPU = Debug|Any CPU
		Release|Any CPU = Release|Any CPU
	EndGlobalSection
	GlobalSection(ProjectConfigurationPlatforms) = postSolution
		{B286F039-4F1B-4F5F-91E1-52D27E3028E4}.Debug|Any CPU.ActiveCfg = Debug|Any CPU
		{B286F039-4F1B-4F5F-91E1-52D27E3028E4}.Debug|Any CPU.Build.0 = Debug|Any CPU
		{B286F039-4F1B-4F5F-91E1-52D27E3028E4}.Release|Any CPU.ActiveCfg = Release|Any CPU
		{B286F039-4F1B-4F5F-91E1-52D27E3028E4}.Release|Any CPU.Build.0 = Release|Any CPU
	EndGlobalSection
	GlobalSection(SolutionProperties) = preSolution
		HideSolutionNode = FALSE
	EndGlobalSection
	GlobalSection(ExtensibilityGlobals) = postSolution
		SolutionGuid = {BB1A7A90-C792-44C9-A28B-3F9C40EFFDE2}
	EndGlobalSection
EndGlobal
